
Microsoft Visual Studio Solution File, Format Version 12.00
# Visual Studio Version 17
VisualStudioVersion = 17.4.33103.184
MinimumVisualStudioVersion = 10.0.40219.1
Project("{FAE04EC0-301F-11D3-BF4B-00C04F79EFBC}") = "ContactManager", "ContactManager\ContactManager.csproj", "{989F6BF8-AB25-4ECF-A58C-7BCB4C0F50DC}"
EndProject
Global
	GlobalSection(SolutionConfigurationPlatforms) = preSolution
		Debug|Any CPU = Debug|Any CPU
		Release|Any CPU = Release|Any CPU
	EndGlobalSection
	GlobalSection(ProjectConfigurationPlatforms) = postSolution
		{989F6BF8-AB25-4ECF-A58C-7BCB4C0F50DC}.Debug|Any CPU.ActiveCfg = Debug|Any CPU
		{989F6BF8-AB25-4ECF-A58C-7BCB4C0F50DC}.Debug|Any CPU.Build.0 = Debug|Any CPU
		{989F6BF8-AB25-4ECF-A58C-7BCB4C0F50DC}.Release|Any CPU.ActiveCfg = Release|Any CPU
		{989F6BF8-AB25-4ECF-A58C-7BCB4C0F50DC}.Release|Any CPU.Build.0 = Release|Any CPU
	EndGlobalSection
	GlobalSection(SolutionProperties) = preSolution
		HideSolutionNode = FALSE
	EndGlobalSection
	GlobalSection(ExtensibilityGlobals) = postSolution
		SolutionGuid = {1F206D79-0BDA-4149-9D4D-E744932C0B0D}
	EndGlobalSection
EndGlobal
